
Microsoft Visual Studio Solution File, Format Version 12.00
# Visual Studio 15
VisualStudioVersion = 15.0.28010.2036
MinimumVisualStudioVersion = 10.0.40219.1
Project("{FAE04EC0-301F-11D3-BF4B-00C04F79EFBC}") = "FiveMGolf", "FiveMGolf\FiveMGolf.csproj", "{258AFC8C-9AE5-4391-90F3-D3D91CE469E5}"
EndProject
Global
	GlobalSection(SolutionConfigurationPlatforms) = preSolution
		Debug|Any CPU = Debug|Any CPU
		Release|Any CPU = Release|Any CPU
	EndGlobalSection
	GlobalSection(ProjectConfigurationPlatforms) = postSolution
		{258AFC8C-9AE5-4391-90F3-D3D91CE469E5}.Debug|Any CPU.ActiveCfg = Debug|Any CPU
		{258AFC8C-9AE5-4391-90F3-D3D91CE469E5}.Debug|Any CPU.Build.0 = Debug|Any CPU
		{258AFC8C-9AE5-4391-90F3-D3D91CE469E5}.Release|Any CPU.ActiveCfg = Release|Any CPU
		{258AFC8C-9AE5-4391-90F3-D3D91CE469E5}.Release|Any CPU.Build.0 = Release|Any CPU
	EndGlobalSection
	GlobalSection(SolutionProperties) = preSolution
		HideSolutionNode = FALSE
	EndGlobalSection
	GlobalSection(ExtensibilityGlobals) = postSolution
		SolutionGuid = {B22FD678-E785-45AF-A937-D3079F683E28}
	EndGlobalSection
EndGlobal
